
Microsoft Visual Studio Solution File, Format Version 12.00
# Visual Studio Version 17
VisualStudioVersion = 17.6.33829.357
MinimumVisualStudioVersion = 10.0.40219.1
Project("{FAE04EC0-301F-11D3-BF4B-00C04F79EFBC}") = "L100 - Variables", "L100 - Variables\L100 - Variables.csproj", "{B9BE1B23-2FFF-40BF-86FD-525608D48CBB}"
EndProject
Project("{FAE04EC0-301F-11D3-BF4B-00C04F79EFBC}") = "L101 - If", "L101 - If\L101 - If.csproj", "{1CD67545-0451-4F49-91D2-25683EE04713}"
EndProject
Project("{FAE04EC0-301F-11D3-BF4B-00C04F79EFBC}") = "L102 - Types and Conversions", "L102 - Types and Conversions\L102 - Types and Conversions.csproj", "{1983E4BB-16EE-4849-8602-C8D5F32F28B6}"
EndProject
Project("{FAE04EC0-301F-11D3-BF4B-00C04F79EFBC}") = "L104 - Switch", "L104 - Switch\L104 - Switch.csproj", "{6F2D4006-690C-482B-A366-86B30D5BB58A}"
EndProject
Project("{FAE04EC0-301F-11D3-BF4B-00C04F79EFBC}") = "L105 - For", "L105 - For\L105 - For.csproj", "{97A0A7CF-EA6E-4BC1-B89A-7CC58282CE6B}"
EndProject
Project("{FAE04EC0-301F-11D3-BF4B-00C04F79EFBC}") = "L108 - Iteration", "L108 - Iteration\L108 - Iteration.csproj", "{84C9DA4B-F310-4601-98B4-088C0621977C}"
EndProject
Project("{FAE04EC0-301F-11D3-BF4B-00C04F79EFBC}") = "L111 - Subroutines", "L111 - Subroutines\L111 - Subroutines.csproj", "{759EE02F-4115-4193-AA5C-242157AA2E15}"
EndProject
Project("{FAE04EC0-301F-11D3-BF4B-00C04F79EFBC}") = "L114 - Built-in functions", "L114 - Built-in functions\L114 - Built-in functions.csproj", "{46A2EA15-D67F-4E81-B52C-D08589F664E8}"
EndProject
Project("{FAE04EC0-301F-11D3-BF4B-00C04F79EFBC}") = "L116 - Debugging and Arrays", "L116 - Debugging and Arrays\L116 - Debugging and Arrays.csproj", "{AA45277F-44A0-45C9-AA6C-81C33066C309}"
EndProject
Global
	GlobalSection(SolutionConfigurationPlatforms) = preSolution
		Debug|Any CPU = Debug|Any CPU
		Release|Any CPU = Release|Any CPU
	EndGlobalSection
	GlobalSection(ProjectConfigurationPlatforms) = postSolution
		{B9BE1B23-2FFF-40BF-86FD-525608D48CBB}.Debug|Any CPU.ActiveCfg = Debug|Any CPU
		{B9BE1B23-2FFF-40BF-86FD-525608D48CBB}.Debug|Any CPU.Build.0 = Debug|Any CPU
		{B9BE1B23-2FFF-40BF-86FD-525608D48CBB}.Release|Any CPU.ActiveCfg = Release|Any CPU
		{B9BE1B23-2FFF-40BF-86FD-525608D48CBB}.Release|Any CPU.Build.0 = Release|Any CPU
		{1CD67545-0451-4F49-91D2-25683EE04713}.Debug|Any CPU.ActiveCfg = Debug|Any CPU
		{1CD67545-0451-4F49-91D2-25683EE04713}.Debug|Any CPU.Build.0 = Debug|Any CPU
		{1CD67545-0451-4F49-91D2-25683EE04713}.Release|Any CPU.ActiveCfg = Release|Any CPU
		{1CD67545-0451-4F49-91D2-25683EE04713}.Release|Any CPU.Build.0 = Release|Any CPU
		{1983E4BB-16EE-4849-8602-C8D5F32F28B6}.Debug|Any CPU.ActiveCfg = Debug|Any CPU
		{1983E4BB-16EE-4849-8602-C8D5F32F28B6}.Debug|Any CPU.Build.0 = Debug|Any CPU
		{1983E4BB-16EE-4849-8602-C8D5F32F28B6}.Release|Any CPU.ActiveCfg = Release|Any CPU
		{1983E4BB-16EE-4849-8602-C8D5F32F28B6}.Release|Any CPU.Build.0 = Release|Any CPU
		{6F2D4006-690C-482B-A366-86B30D5BB58A}.Debug|Any CPU.ActiveCfg = Debug|Any CPU
		{6F2D4006-690C-482B-A366-86B30D5BB58A}.Debug|Any CPU.Build.0 = Debug|Any CPU
		{6F2D4006-690C-482B-A366-86B30D5BB58A}.Release|Any CPU.ActiveCfg = Release|Any CPU
		{6F2D4006-690C-482B-A366-86B30D5BB58A}.Release|Any CPU.Build.0 = Release|Any CPU
		{97A0A7CF-EA6E-4BC1-B89A-7CC58282CE6B}.Debug|Any CPU.ActiveCfg = Debug|Any CPU
		{97A0A7CF-EA6E-4BC1-B89A-7CC58282CE6B}.Debug|Any CPU.Build.0 = Debug|Any CPU
		{97A0A7CF-EA6E-4BC1-B89A-7CC58282CE6B}.Release|Any CPU.ActiveCfg = Release|Any CPU
		{97A0A7CF-EA6E-4BC1-B89A-7CC58282CE6B}.Release|Any CPU.Build.0 = Release|Any CPU
		{84C9DA4B-F310-4601-98B4-088C0621977C}.Debug|Any CPU.ActiveCfg = Debug|Any CPU
		{84C9DA4B-F310-4601-98B4-088C0621977C}.Debug|Any CPU.Build.0 = Debug|Any CPU
		{84C9DA4B-F310-4601-98B4-088C0621977C}.Release|Any CPU.ActiveCfg = Release|Any CPU
		{84C9DA4B-F310-4601-98B4-088C0621977C}.Release|Any CPU.Build.0 = Release|Any CPU
		{759EE02F-4115-4193-AA5C-242157AA2E15}.Debug|Any CPU.ActiveCfg = Debug|Any CPU
		{759EE02F-4115-4193-AA5C-242157AA2E15}.Debug|Any CPU.Build.0 = Debug|Any CPU
		{759EE02F-4115-4193-AA5C-242157AA2E15}.Release|Any CPU.ActiveCfg = Release|Any CPU
		{759EE02F-4115-4193-AA5C-242157AA2E15}.Release|Any CPU.Build.0 = Release|Any CPU
		{46A2EA15-D67F-4E81-B52C-D08589F664E8}.Debug|Any CPU.ActiveCfg = Debug|Any CPU
		{46A2EA15-D67F-4E81-B52C-D08589F664E8}.Debug|Any CPU.Build.0 = Debug|Any CPU
		{46A2EA15-D67F-4E81-B52C-D08589F664E8}.Release|Any CPU.ActiveCfg = Release|Any CPU
		{46A2EA15-D67F-4E81-B52C-D08589F664E8}.Release|Any CPU.Build.0 = Release|Any CPU
		{AA45277F-44A0-45C9-AA6C-81C33066C309}.Debug|Any CPU.ActiveCfg = Debug|Any CPU
		{AA45277F-44A0-45C9-AA6C-81C33066C309}.Debug|Any CPU.Build.0 = Debug|Any CPU
		{AA45277F-44A0-45C9-AA6C-81C33066C309}.Release|Any CPU.ActiveCfg = Release|Any CPU
		{AA45277F-44A0-45C9-AA6C-81C33066C309}.Release|Any CPU.Build.0 = Release|Any CPU
	EndGlobalSection
	GlobalSection(SolutionProperties) = preSolution
		HideSolutionNode = FALSE
	EndGlobalSection
	GlobalSection(ExtensibilityGlobals) = postSolution
		SolutionGuid = {84532571-8476-4D2D-9BCA-6BC0FD7D1E15}
	EndGlobalSection
EndGlobal
