
Microsoft Visual Studio Solution File, Format Version 12.00
# Visual Studio Version 17
VisualStudioVersion = 17.6.33829.357
MinimumVisualStudioVersion = 10.0.40219.1
Project("{FAE04EC0-301F-11D3-BF4B-00C04F79EFBC}") = "L100 - Variables", "L100 - Variables\L100 - Variables.csproj", "{1A688EB4-32F7-4BF8-924F-67CB6D19CDE7}"
EndProject
Project("{FAE04EC0-301F-11D3-BF4B-00C04F79EFBC}") = "L101 - If", "L101 - If\L101 - If.csproj", "{D6D3B2D7-33CF-44F6-B0DA-A22426B0E63D}"
EndProject
Project("{FAE04EC0-301F-11D3-BF4B-00C04F79EFBC}") = "L102 - Types and Conversions", "L102 - Types and Conversions\L102 - Types and Conversions.csproj", "{DDF4E9EB-4B73-4FD8-BCBD-48D4365BE75D}"
EndProject
Project("{FAE04EC0-301F-11D3-BF4B-00C04F79EFBC}") = "L104 - Switch", "L104 - Switch\L104 - Switch.csproj", "{2CC25DE6-B885-4067-90BD-8C2460D47AA6}"
EndProject
Project("{FAE04EC0-301F-11D3-BF4B-00C04F79EFBC}") = "L105 - For", "L105 - For\L105 - For.csproj", "{123D4EA5-EE3E-4EFB-8EC7-8B16CEC6A6C4}"
EndProject
Project("{FAE04EC0-301F-11D3-BF4B-00C04F79EFBC}") = "L108 - While", "L108 - While\L108 - While.csproj", "{74FD29F4-9D3C-44A1-A66B-311C1FEF76FA}"
EndProject
Project("{FAE04EC0-301F-11D3-BF4B-00C04F79EFBC}") = "L109 - Random", "L109 - Random\L109 - Random.csproj", "{07DB1BD1-788C-4BD2-BB83-43ACC998D958}"
EndProject
Project("{FAE04EC0-301F-11D3-BF4B-00C04F79EFBC}") = "L111 - Subroutines", "L111 - Subroutines\L111 - Subroutines.csproj", "{BAAF9E9E-F889-4B84-932F-3032ED66E4B9}"
EndProject
Project("{FAE04EC0-301F-11D3-BF4B-00C04F79EFBC}") = "L114 - Built in functions", "ConsoleApp1\L114 - Built in functions.csproj", "{54FD8F60-C130-4F0B-903F-27A76E3742E2}"
EndProject
Project("{FAE04EC0-301F-11D3-BF4B-00C04F79EFBC}") = "L116 - Debugging and Arrays", "L116 - Debugging and Arrays\L116 - Debugging and Arrays.csproj", "{3011FE7B-56CC-47EB-8864-EC647BE3E6C7}"
EndProject
Project("{FAE04EC0-301F-11D3-BF4B-00C04F79EFBC}") = "L117 - Lists", "L117 - Lists\L117 - Lists.csproj", "{51EFE78F-D4E0-4466-B32B-AE7F77DF1231}"
EndProject
Project("{FAE04EC0-301F-11D3-BF4B-00C04F79EFBC}") = "L123 - Functions", "L123 - Functions\L123 - Functions.csproj", "{DB64C9CB-9A71-4FF0-8631-CBA6656FCD85}"
EndProject
Project("{FAE04EC0-301F-11D3-BF4B-00C04F79EFBC}") = "L125 - Structures", "L125 - Structures\L125 - Structures.csproj", "{3D3F8DCC-383C-4293-91A9-66936F7BE93B}"
EndProject
Project("{FAE04EC0-301F-11D3-BF4B-00C04F79EFBC}") = "L125 - Reading Text Files", "L125 - Reading Text Files\L125 - Reading Text Files.csproj", "{E2FD65F1-58FD-4AA2-A5FE-613837B62382}"
EndProject
Project("{FAE04EC0-301F-11D3-BF4B-00C04F79EFBC}") = "L129 - Passing Parameters", "L129 - Passing Parameters\L129 - Passing Parameters.csproj", "{AD195C44-22D9-4B42-B1EA-3E975999DFBF}"
EndProject
Project("{FAE04EC0-301F-11D3-BF4B-00C04F79EFBC}") = "L132 - Binary Files", "L132 - Binary Files\L132 - Binary Files.csproj", "{B1931776-E8B9-4EB4-946D-CF6705E13C2F}"
EndProject
Project("{FAE04EC0-301F-11D3-BF4B-00C04F79EFBC}") = "L134 - Exceptions", "L134 - Exceptions\L134 - Exceptions.csproj", "{B5DD5CFF-925B-4AA7-A27C-21183C23698D}"
EndProject
Project("{FAE04EC0-301F-11D3-BF4B-00C04F79EFBC}") = "Thief", "Theif\Thief.csproj", "{25A091CB-0EF6-4B2F-B44E-ADAD0B5BC185}"
EndProject
Project("{FAE04EC0-301F-11D3-BF4B-00C04F79EFBC}") = "L148 - Classes and Objects", "L148 - Classes and Objects\L148 - Classes and Objects.csproj", "{F55FE27C-59B6-458F-BA54-DF0D05B9E75E}"
EndProject
Project("{FAE04EC0-301F-11D3-BF4B-00C04F79EFBC}") = "L150 - Access Modifiers and Constructors", "L150 - Access Modifiers and Constructors\L150 - Access Modifiers and Constructors.csproj", "{9FCA7AE1-6844-4FEF-9F23-4345A30FDF52}"
EndProject
Global
	GlobalSection(SolutionConfigurationPlatforms) = preSolution
		Debug|Any CPU = Debug|Any CPU
		Release|Any CPU = Release|Any CPU
	EndGlobalSection
	GlobalSection(ProjectConfigurationPlatforms) = postSolution
		{1A688EB4-32F7-4BF8-924F-67CB6D19CDE7}.Debug|Any CPU.ActiveCfg = Debug|Any CPU
		{1A688EB4-32F7-4BF8-924F-67CB6D19CDE7}.Debug|Any CPU.Build.0 = Debug|Any CPU
		{1A688EB4-32F7-4BF8-924F-67CB6D19CDE7}.Release|Any CPU.ActiveCfg = Release|Any CPU
		{1A688EB4-32F7-4BF8-924F-67CB6D19CDE7}.Release|Any CPU.Build.0 = Release|Any CPU
		{D6D3B2D7-33CF-44F6-B0DA-A22426B0E63D}.Debug|Any CPU.ActiveCfg = Debug|Any CPU
		{D6D3B2D7-33CF-44F6-B0DA-A22426B0E63D}.Debug|Any CPU.Build.0 = Debug|Any CPU
		{D6D3B2D7-33CF-44F6-B0DA-A22426B0E63D}.Release|Any CPU.ActiveCfg = Release|Any CPU
		{D6D3B2D7-33CF-44F6-B0DA-A22426B0E63D}.Release|Any CPU.Build.0 = Release|Any CPU
		{DDF4E9EB-4B73-4FD8-BCBD-48D4365BE75D}.Debug|Any CPU.ActiveCfg = Debug|Any CPU
		{DDF4E9EB-4B73-4FD8-BCBD-48D4365BE75D}.Debug|Any CPU.Build.0 = Debug|Any CPU
		{DDF4E9EB-4B73-4FD8-BCBD-48D4365BE75D}.Release|Any CPU.ActiveCfg = Release|Any CPU
		{DDF4E9EB-4B73-4FD8-BCBD-48D4365BE75D}.Release|Any CPU.Build.0 = Release|Any CPU
		{2CC25DE6-B885-4067-90BD-8C2460D47AA6}.Debug|Any CPU.ActiveCfg = Debug|Any CPU
		{2CC25DE6-B885-4067-90BD-8C2460D47AA6}.Debug|Any CPU.Build.0 = Debug|Any CPU
		{2CC25DE6-B885-4067-90BD-8C2460D47AA6}.Release|Any CPU.ActiveCfg = Release|Any CPU
		{2CC25DE6-B885-4067-90BD-8C2460D47AA6}.Release|Any CPU.Build.0 = Release|Any CPU
		{123D4EA5-EE3E-4EFB-8EC7-8B16CEC6A6C4}.Debug|Any CPU.ActiveCfg = Debug|Any CPU
		{123D4EA5-EE3E-4EFB-8EC7-8B16CEC6A6C4}.Debug|Any CPU.Build.0 = Debug|Any CPU
		{123D4EA5-EE3E-4EFB-8EC7-8B16CEC6A6C4}.Release|Any CPU.ActiveCfg = Release|Any CPU
		{123D4EA5-EE3E-4EFB-8EC7-8B16CEC6A6C4}.Release|Any CPU.Build.0 = Release|Any CPU
		{74FD29F4-9D3C-44A1-A66B-311C1FEF76FA}.Debug|Any CPU.ActiveCfg = Debug|Any CPU
		{74FD29F4-9D3C-44A1-A66B-311C1FEF76FA}.Debug|Any CPU.Build.0 = Debug|Any CPU
		{74FD29F4-9D3C-44A1-A66B-311C1FEF76FA}.Release|Any CPU.ActiveCfg = Release|Any CPU
		{74FD29F4-9D3C-44A1-A66B-311C1FEF76FA}.Release|Any CPU.Build.0 = Release|Any CPU
		{07DB1BD1-788C-4BD2-BB83-43ACC998D958}.Debug|Any CPU.ActiveCfg = Debug|Any CPU
		{07DB1BD1-788C-4BD2-BB83-43ACC998D958}.Debug|Any CPU.Build.0 = Debug|Any CPU
		{07DB1BD1-788C-4BD2-BB83-43ACC998D958}.Release|Any CPU.ActiveCfg = Release|Any CPU
		{07DB1BD1-788C-4BD2-BB83-43ACC998D958}.Release|Any CPU.Build.0 = Release|Any CPU
		{BAAF9E9E-F889-4B84-932F-3032ED66E4B9}.Debug|Any CPU.ActiveCfg = Debug|Any CPU
		{BAAF9E9E-F889-4B84-932F-3032ED66E4B9}.Debug|Any CPU.Build.0 = Debug|Any CPU
		{BAAF9E9E-F889-4B84-932F-3032ED66E4B9}.Release|Any CPU.ActiveCfg = Release|Any CPU
		{BAAF9E9E-F889-4B84-932F-3032ED66E4B9}.Release|Any CPU.Build.0 = Release|Any CPU
		{54FD8F60-C130-4F0B-903F-27A76E3742E2}.Debug|Any CPU.ActiveCfg = Debug|Any CPU
		{54FD8F60-C130-4F0B-903F-27A76E3742E2}.Debug|Any CPU.Build.0 = Debug|Any CPU
		{54FD8F60-C130-4F0B-903F-27A76E3742E2}.Release|Any CPU.ActiveCfg = Release|Any CPU
		{54FD8F60-C130-4F0B-903F-27A76E3742E2}.Release|Any CPU.Build.0 = Release|Any CPU
		{3011FE7B-56CC-47EB-8864-EC647BE3E6C7}.Debug|Any CPU.ActiveCfg = Debug|Any CPU
		{3011FE7B-56CC-47EB-8864-EC647BE3E6C7}.Debug|Any CPU.Build.0 = Debug|Any CPU
		{3011FE7B-56CC-47EB-8864-EC647BE3E6C7}.Release|Any CPU.ActiveCfg = Release|Any CPU
		{3011FE7B-56CC-47EB-8864-EC647BE3E6C7}.Release|Any CPU.Build.0 = Release|Any CPU
		{51EFE78F-D4E0-4466-B32B-AE7F77DF1231}.Debug|Any CPU.ActiveCfg = Debug|Any CPU
		{51EFE78F-D4E0-4466-B32B-AE7F77DF1231}.Debug|Any CPU.Build.0 = Debug|Any CPU
		{51EFE78F-D4E0-4466-B32B-AE7F77DF1231}.Release|Any CPU.ActiveCfg = Release|Any CPU
		{51EFE78F-D4E0-4466-B32B-AE7F77DF1231}.Release|Any CPU.Build.0 = Release|Any CPU
		{DB64C9CB-9A71-4FF0-8631-CBA6656FCD85}.Debug|Any CPU.ActiveCfg = Debug|Any CPU
		{DB64C9CB-9A71-4FF0-8631-CBA6656FCD85}.Debug|Any CPU.Build.0 = Debug|Any CPU
		{DB64C9CB-9A71-4FF0-8631-CBA6656FCD85}.Release|Any CPU.ActiveCfg = Release|Any CPU
		{DB64C9CB-9A71-4FF0-8631-CBA6656FCD85}.Release|Any CPU.Build.0 = Release|Any CPU
		{3D3F8DCC-383C-4293-91A9-66936F7BE93B}.Debug|Any CPU.ActiveCfg = Debug|Any CPU
		{3D3F8DCC-383C-4293-91A9-66936F7BE93B}.Debug|Any CPU.Build.0 = Debug|Any CPU
		{3D3F8DCC-383C-4293-91A9-66936F7BE93B}.Release|Any CPU.ActiveCfg = Release|Any CPU
		{3D3F8DCC-383C-4293-91A9-66936F7BE93B}.Release|Any CPU.Build.0 = Release|Any CPU
		{E2FD65F1-58FD-4AA2-A5FE-613837B62382}.Debug|Any CPU.ActiveCfg = Debug|Any CPU
		{E2FD65F1-58FD-4AA2-A5FE-613837B62382}.Debug|Any CPU.Build.0 = Debug|Any CPU
		{E2FD65F1-58FD-4AA2-A5FE-613837B62382}.Release|Any CPU.ActiveCfg = Release|Any CPU
		{E2FD65F1-58FD-4AA2-A5FE-613837B62382}.Release|Any CPU.Build.0 = Release|Any CPU
		{AD195C44-22D9-4B42-B1EA-3E975999DFBF}.Debug|Any CPU.ActiveCfg = Debug|Any CPU
		{AD195C44-22D9-4B42-B1EA-3E975999DFBF}.Debug|Any CPU.Build.0 = Debug|Any CPU
		{AD195C44-22D9-4B42-B1EA-3E975999DFBF}.Release|Any CPU.ActiveCfg = Release|Any CPU
		{AD195C44-22D9-4B42-B1EA-3E975999DFBF}.Release|Any CPU.Build.0 = Release|Any CPU
		{B1931776-E8B9-4EB4-946D-CF6705E13C2F}.Debug|Any CPU.ActiveCfg = Debug|Any CPU
		{B1931776-E8B9-4EB4-946D-CF6705E13C2F}.Debug|Any CPU.Build.0 = Debug|Any CPU
		{B1931776-E8B9-4EB4-946D-CF6705E13C2F}.Release|Any CPU.ActiveCfg = Release|Any CPU
		{B1931776-E8B9-4EB4-946D-CF6705E13C2F}.Release|Any CPU.Build.0 = Release|Any CPU
		{B5DD5CFF-925B-4AA7-A27C-21183C23698D}.Debug|Any CPU.ActiveCfg = Debug|Any CPU
		{B5DD5CFF-925B-4AA7-A27C-21183C23698D}.Debug|Any CPU.Build.0 = Debug|Any CPU
		{B5DD5CFF-925B-4AA7-A27C-21183C23698D}.Release|Any CPU.ActiveCfg = Release|Any CPU
		{B5DD5CFF-925B-4AA7-A27C-21183C23698D}.Release|Any CPU.Build.0 = Release|Any CPU
		{25A091CB-0EF6-4B2F-B44E-ADAD0B5BC185}.Debug|Any CPU.ActiveCfg = Debug|Any CPU
		{25A091CB-0EF6-4B2F-B44E-ADAD0B5BC185}.Debug|Any CPU.Build.0 = Debug|Any CPU
		{25A091CB-0EF6-4B2F-B44E-ADAD0B5BC185}.Release|Any CPU.ActiveCfg = Release|Any CPU
		{25A091CB-0EF6-4B2F-B44E-ADAD0B5BC185}.Release|Any CPU.Build.0 = Release|Any CPU
		{F55FE27C-59B6-458F-BA54-DF0D05B9E75E}.Debug|Any CPU.ActiveCfg = Debug|Any CPU
		{F55FE27C-59B6-458F-BA54-DF0D05B9E75E}.Debug|Any CPU.Build.0 = Debug|Any CPU
		{F55FE27C-59B6-458F-BA54-DF0D05B9E75E}.Release|Any CPU.ActiveCfg = Release|Any CPU
		{F55FE27C-59B6-458F-BA54-DF0D05B9E75E}.Release|Any CPU.Build.0 = Release|Any CPU
		{9FCA7AE1-6844-4FEF-9F23-4345A30FDF52}.Debug|Any CPU.ActiveCfg = Debug|Any CPU
		{9FCA7AE1-6844-4FEF-9F23-4345A30FDF52}.Debug|Any CPU.Build.0 = Debug|Any CPU
		{9FCA7AE1-6844-4FEF-9F23-4345A30FDF52}.Release|Any CPU.ActiveCfg = Release|Any CPU
		{9FCA7AE1-6844-4FEF-9F23-4345A30FDF52}.Release|Any CPU.Build.0 = Release|Any CPU
	EndGlobalSection
	GlobalSection(SolutionProperties) = preSolution
		HideSolutionNode = FALSE
	EndGlobalSection
	GlobalSection(ExtensibilityGlobals) = postSolution
		SolutionGuid = {1D4B6ABD-DB01-45CF-8B91-390DECA5020E}
	EndGlobalSection
EndGlobal
